
Microsoft Visual Studio Solution File, Format Version 10.00
# Visual Studio 2008
Project("{FAE04EC0-301F-11D3-BF4B-00C04F79EFBC}") = "Virgin_Kalactic", "Virgin_Kalactic.csproj", "{ADCBC569-E6D1-4BBD-835B-FF66B612A826}"
EndProject
Global
	GlobalSection(SolutionConfigurationPlatforms) = preSolution
		Debug|Any CPU = Debug|Any CPU
		Release|Any CPU = Release|Any CPU
	EndGlobalSection
	GlobalSection(ProjectConfigurationPlatforms) = postSolution
		{ADCBC569-E6D1-4BBD-835B-FF66B612A826}.Debug|Any CPU.ActiveCfg = Debug|Any CPU
		{ADCBC569-E6D1-4BBD-835B-FF66B612A826}.Debug|Any CPU.Build.0 = Debug|Any CPU
		{ADCBC569-E6D1-4BBD-835B-FF66B612A826}.Release|Any CPU.ActiveCfg = Release|Any CPU
		{ADCBC569-E6D1-4BBD-835B-FF66B612A826}.Release|Any CPU.Build.0 = Release|Any CPU
	EndGlobalSection
	GlobalSection(MonoDevelopProperties) = preSolution
		StartupItem = Virgin_Kalactic.csproj
		outputpath = ..\..\Build
	EndGlobalSection
EndGlobal
