
Microsoft Visual Studio Solution File, Format Version 10.00
# Visual Studio 2008
Project("{FAE04EC0-301F-11D3-BF4B-00C04F79EFBC}") = "AdvancedGenerator", "AdvancedGenerator\AdvancedGenerator.csproj", "{EB23B9B7-DDA5-46DB-A65B-1AA69D16EE8B}"
EndProject
Project("{FAE04EC0-301F-11D3-BF4B-00C04F79EFBC}") = "BetterPart", "BetterPart\BetterPart.csproj", "{93720152-4E16-496E-AB81-E30D3286D47F}"
EndProject
Project("{FAE04EC0-301F-11D3-BF4B-00C04F79EFBC}") = "TRMJinfoitems", "TRMJinfoitems\TRMJinfoitems.csproj", "{43B5673E-B09D-4CCD-8BA0-6CED5DE57031}"
EndProject
Project("{FAE04EC0-301F-11D3-BF4B-00C04F79EFBC}") = "NodeFix", "NodeFix\NodeFix.csproj", "{3D9152E7-4475-4BF0-93F1-F718BC758920}"
EndProject
Global
	GlobalSection(SolutionConfigurationPlatforms) = preSolution
		Debug|Any CPU = Debug|Any CPU
		Release|Any CPU = Release|Any CPU
	EndGlobalSection
	GlobalSection(ProjectConfigurationPlatforms) = postSolution
		{3D9152E7-4475-4BF0-93F1-F718BC758920}.Debug|Any CPU.ActiveCfg = Debug|Any CPU
		{3D9152E7-4475-4BF0-93F1-F718BC758920}.Debug|Any CPU.Build.0 = Debug|Any CPU
		{3D9152E7-4475-4BF0-93F1-F718BC758920}.Release|Any CPU.ActiveCfg = Release|Any CPU
		{3D9152E7-4475-4BF0-93F1-F718BC758920}.Release|Any CPU.Build.0 = Release|Any CPU
		{43B5673E-B09D-4CCD-8BA0-6CED5DE57031}.Debug|Any CPU.ActiveCfg = Debug|Any CPU
		{43B5673E-B09D-4CCD-8BA0-6CED5DE57031}.Debug|Any CPU.Build.0 = Debug|Any CPU
		{43B5673E-B09D-4CCD-8BA0-6CED5DE57031}.Release|Any CPU.ActiveCfg = Release|Any CPU
		{43B5673E-B09D-4CCD-8BA0-6CED5DE57031}.Release|Any CPU.Build.0 = Release|Any CPU
		{93720152-4E16-496E-AB81-E30D3286D47F}.Debug|Any CPU.ActiveCfg = Debug|Any CPU
		{93720152-4E16-496E-AB81-E30D3286D47F}.Debug|Any CPU.Build.0 = Debug|Any CPU
		{93720152-4E16-496E-AB81-E30D3286D47F}.Release|Any CPU.ActiveCfg = Release|Any CPU
		{93720152-4E16-496E-AB81-E30D3286D47F}.Release|Any CPU.Build.0 = Release|Any CPU
		{EB23B9B7-DDA5-46DB-A65B-1AA69D16EE8B}.Debug|Any CPU.ActiveCfg = Debug|Any CPU
		{EB23B9B7-DDA5-46DB-A65B-1AA69D16EE8B}.Debug|Any CPU.Build.0 = Debug|Any CPU
		{EB23B9B7-DDA5-46DB-A65B-1AA69D16EE8B}.Release|Any CPU.ActiveCfg = Release|Any CPU
		{EB23B9B7-DDA5-46DB-A65B-1AA69D16EE8B}.Release|Any CPU.Build.0 = Release|Any CPU
	EndGlobalSection
	GlobalSection(MonoDevelopProperties) = preSolution
		StartupItem = AdvancedGenerator\AdvancedGenerator.csproj
		version = 1.2
		outputpath = ..\..\Build
	EndGlobalSection
EndGlobal
